
Microsoft Visual Studio Solution File, Format Version 12.00
# Visual Studio Version 17
VisualStudioVersion = 17.7.34024.191
MinimumVisualStudioVersion = 10.0.40219.1
Project("{FAE04EC0-301F-11D3-BF4B-00C04F79EFBC}") = "ElectroWallet", "ElectroWallet\ElectroWallet.csproj", "{3DE3EE88-43D9-4277-B54D-648C3FE0CD3C}"
EndProject
Global
	GlobalSection(SolutionConfigurationPlatforms) = preSolution
		Debug|Any CPU = Debug|Any CPU
		Release|Any CPU = Release|Any CPU
	EndGlobalSection
	GlobalSection(ProjectConfigurationPlatforms) = postSolution
		{3DE3EE88-43D9-4277-B54D-648C3FE0CD3C}.Debug|Any CPU.ActiveCfg = Debug|Any CPU
		{3DE3EE88-43D9-4277-B54D-648C3FE0CD3C}.Debug|Any CPU.Build.0 = Debug|Any CPU
		{3DE3EE88-43D9-4277-B54D-648C3FE0CD3C}.Release|Any CPU.ActiveCfg = Release|Any CPU
		{3DE3EE88-43D9-4277-B54D-648C3FE0CD3C}.Release|Any CPU.Build.0 = Release|Any CPU
	EndGlobalSection
	GlobalSection(SolutionProperties) = preSolution
		HideSolutionNode = FALSE
	EndGlobalSection
	GlobalSection(ExtensibilityGlobals) = postSolution
		SolutionGuid = {0599BC5D-C707-44A9-9235-C2964FB743FE}
	EndGlobalSection
EndGlobal
